
Microsoft Visual Studio Solution File, Format Version 12.00
# Visual Studio Version 17
VisualStudioVersion = 17.9.34723.18
MinimumVisualStudioVersion = 10.0.40219.1
Project("{2150E333-8FDC-42A3-9474-1A3956D46DE8}") = "ソリューション項目", "ソリューション項目", "{BE5674E6-586F-4255-999F-7513D1069E88}"
	ProjectSection(SolutionItems) = preProject
		.editorconfig = .editorconfig
	EndProjectSection
EndProject
Project("{8BC9CEB8-8B4A-11D0-8D11-00A0C91BC942}") = "00-01", "00-01\00-01.vcxproj", "{932D3AF7-4E0D-4605-9A33-94607AA4C76D}"
EndProject
Project("{8BC9CEB8-8B4A-11D0-8D11-00A0C91BC942}") = "01-01", "01-01\01-01.vcxproj", "{C5DC6453-27C6-4CD7-BC5E-5F6AC0131CF2}"
EndProject
Project("{8BC9CEB8-8B4A-11D0-8D11-00A0C91BC942}") = "01-02", "01-02\01-02.vcxproj", "{FAC6D7C0-925C-4483-8C23-A580D7BE6F81}"
EndProject
Project("{8BC9CEB8-8B4A-11D0-8D11-00A0C91BC942}") = "02-01", "02-01\02-01.vcxproj", "{AA721250-32B5-4CEB-A4C9-A057B7DAA81D}"
EndProject
Project("{8BC9CEB8-8B4A-11D0-8D11-00A0C91BC942}") = "02-02", "02-02\02-02.vcxproj", "{FE6CBA27-AD91-4902-B213-6143E925BB77}"
EndProject
Global
	GlobalSection(SolutionConfigurationPlatforms) = preSolution
		Debug|x64 = Debug|x64
		Debug|x86 = Debug|x86
		Release|x64 = Release|x64
		Release|x86 = Release|x86
	EndGlobalSection
	GlobalSection(ProjectConfigurationPlatforms) = postSolution
		{932D3AF7-4E0D-4605-9A33-94607AA4C76D}.Debug|x64.ActiveCfg = Debug|x64
		{932D3AF7-4E0D-4605-9A33-94607AA4C76D}.Debug|x64.Build.0 = Debug|x64
		{932D3AF7-4E0D-4605-9A33-94607AA4C76D}.Debug|x86.ActiveCfg = Debug|Win32
		{932D3AF7-4E0D-4605-9A33-94607AA4C76D}.Debug|x86.Build.0 = Debug|Win32
		{932D3AF7-4E0D-4605-9A33-94607AA4C76D}.Release|x64.ActiveCfg = Release|x64
		{932D3AF7-4E0D-4605-9A33-94607AA4C76D}.Release|x64.Build.0 = Release|x64
		{932D3AF7-4E0D-4605-9A33-94607AA4C76D}.Release|x86.ActiveCfg = Release|Win32
		{932D3AF7-4E0D-4605-9A33-94607AA4C76D}.Release|x86.Build.0 = Release|Win32
		{C5DC6453-27C6-4CD7-BC5E-5F6AC0131CF2}.Debug|x64.ActiveCfg = Debug|x64
		{C5DC6453-27C6-4CD7-BC5E-5F6AC0131CF2}.Debug|x64.Build.0 = Debug|x64
		{C5DC6453-27C6-4CD7-BC5E-5F6AC0131CF2}.Debug|x86.ActiveCfg = Debug|Win32
		{C5DC6453-27C6-4CD7-BC5E-5F6AC0131CF2}.Debug|x86.Build.0 = Debug|Win32
		{C5DC6453-27C6-4CD7-BC5E-5F6AC0131CF2}.Release|x64.ActiveCfg = Release|x64
		{C5DC6453-27C6-4CD7-BC5E-5F6AC0131CF2}.Release|x64.Build.0 = Release|x64
		{C5DC6453-27C6-4CD7-BC5E-5F6AC0131CF2}.Release|x86.ActiveCfg = Release|Win32
		{C5DC6453-27C6-4CD7-BC5E-5F6AC0131CF2}.Release|x86.Build.0 = Release|Win32
		{FAC6D7C0-925C-4483-8C23-A580D7BE6F81}.Debug|x64.ActiveCfg = Debug|x64
		{FAC6D7C0-925C-4483-8C23-A580D7BE6F81}.Debug|x64.Build.0 = Debug|x64
		{FAC6D7C0-925C-4483-8C23-A580D7BE6F81}.Debug|x86.ActiveCfg = Debug|Win32
		{FAC6D7C0-925C-4483-8C23-A580D7BE6F81}.Debug|x86.Build.0 = Debug|Win32
		{FAC6D7C0-925C-4483-8C23-A580D7BE6F81}.Release|x64.ActiveCfg = Release|x64
		{FAC6D7C0-925C-4483-8C23-A580D7BE6F81}.Release|x64.Build.0 = Release|x64
		{FAC6D7C0-925C-4483-8C23-A580D7BE6F81}.Release|x86.ActiveCfg = Release|Win32
		{FAC6D7C0-925C-4483-8C23-A580D7BE6F81}.Release|x86.Build.0 = Release|Win32
		{AA721250-32B5-4CEB-A4C9-A057B7DAA81D}.Debug|x64.ActiveCfg = Debug|x64
		{AA721250-32B5-4CEB-A4C9-A057B7DAA81D}.Debug|x64.Build.0 = Debug|x64
		{AA721250-32B5-4CEB-A4C9-A057B7DAA81D}.Debug|x86.ActiveCfg = Debug|Win32
		{AA721250-32B5-4CEB-A4C9-A057B7DAA81D}.Debug|x86.Build.0 = Debug|Win32
		{AA721250-32B5-4CEB-A4C9-A057B7DAA81D}.Release|x64.ActiveCfg = Release|x64
		{AA721250-32B5-4CEB-A4C9-A057B7DAA81D}.Release|x64.Build.0 = Release|x64
		{AA721250-32B5-4CEB-A4C9-A057B7DAA81D}.Release|x86.ActiveCfg = Release|Win32
		{AA721250-32B5-4CEB-A4C9-A057B7DAA81D}.Release|x86.Build.0 = Release|Win32
		{FE6CBA27-AD91-4902-B213-6143E925BB77}.Debug|x64.ActiveCfg = Debug|x64
		{FE6CBA27-AD91-4902-B213-6143E925BB77}.Debug|x64.Build.0 = Debug|x64
		{FE6CBA27-AD91-4902-B213-6143E925BB77}.Debug|x86.ActiveCfg = Debug|Win32
		{FE6CBA27-AD91-4902-B213-6143E925BB77}.Debug|x86.Build.0 = Debug|Win32
		{FE6CBA27-AD91-4902-B213-6143E925BB77}.Release|x64.ActiveCfg = Release|x64
		{FE6CBA27-AD91-4902-B213-6143E925BB77}.Release|x64.Build.0 = Release|x64
		{FE6CBA27-AD91-4902-B213-6143E925BB77}.Release|x86.ActiveCfg = Release|Win32
		{FE6CBA27-AD91-4902-B213-6143E925BB77}.Release|x86.Build.0 = Release|Win32
	EndGlobalSection
	GlobalSection(SolutionProperties) = preSolution
		HideSolutionNode = FALSE
	EndGlobalSection
	GlobalSection(ExtensibilityGlobals) = postSolution
		SolutionGuid = {50E0AF6A-637B-47D6-B1BC-E0C22296F8C3}
	EndGlobalSection
EndGlobal
